// !$*UTF8*$!
{
	archiveVersion = 1;
	classes = {
	};
	objectVersion = 48;
	objects = {

/* Begin PBXBuildFile section */
		991996FE213BB03900A9610A /* AppDelegate.swift in Sources */ = {isa = PBXBuildFile; fileRef = 991996FD213BB03900A9610A /* AppDelegate.swift */; };
		99199700213BB03900A9610A /* TravelLocationsMapView.swift in Sources */ = {isa = PBXBuildFile; fileRef = 991996FF213BB03900A9610A /* TravelLocationsMapView.swift */; };
		99199703213BB03900A9610A /* Main.storyboard in Resources */ = {isa = PBXBuildFile; fileRef = 99199701213BB03900A9610A /* Main.storyboard */; };
		99199705213BB03900A9610A /* Assets.xcassets in Resources */ = {isa = PBXBuildFile; fileRef = 99199704213BB03900A9610A /* Assets.xcassets */; };
		99199708213BB03900A9610A /* LaunchScreen.storyboard in Resources */ = {isa = PBXBuildFile; fileRef = 99199706213BB03900A9610A /* LaunchScreen.storyboard */; };
		99199710214242FA00A9610A /* PhotoAlbumView.swift in Sources */ = {isa = PBXBuildFile; fileRef = 9919970F214242FA00A9610A /* PhotoAlbumView.swift */; };
		991997122146360400A9610A /* Constants.swift in Sources */ = {isa = PBXBuildFile; fileRef = 991997112146360400A9610A /* Constants.swift */; };
		9919971421463C7A00A9610A /* GCDBlackBox.swift in Sources */ = {isa = PBXBuildFile; fileRef = 9919971321463C7A00A9610A /* GCDBlackBox.swift */; };
		991997162148CBD300A9610A /* PhotoAlbumViewCell.swift in Sources */ = {isa = PBXBuildFile; fileRef = 991997152148CBD300A9610A /* PhotoAlbumViewCell.swift */; };
		9919971A214F37DD00A9610A /* VirtualTourist.xcdatamodeld in Sources */ = {isa = PBXBuildFile; fileRef = 99199718214F37DD00A9610A /* VirtualTourist.xcdatamodeld */; };
/* End PBXBuildFile section */

/* Begin PBXFileReference section */
		991996FA213BB03900A9610A /* VirtualTourist.app */ = {isa = PBXFileReference; explicitFileType = wrapper.application; includeInIndex = 0; path = VirtualTourist.app; sourceTree = BUILT_PRODUCTS_DIR; };
		991996FD213BB03900A9610A /* AppDelegate.swift */ = {isa = PBXFileReference; lastKnownFileType = sourcecode.swift; path = AppDelegate.swift; sourceTree = "<group>"; };
		991996FF213BB03900A9610A /* TravelLocationsMapView.swift */ = {isa = PBXFileReference; lastKnownFileType = sourcecode.swift; path = TravelLocationsMapView.swift; sourceTree = "<group>"; };
		99199702213BB03900A9610A /* Base */ = {isa = PBXFileReference; lastKnownFileType = file.storyboard; name = Base; path = Base.lproj/Main.storyboard; sourceTree = "<group>"; };
		99199704213BB03900A9610A /* Assets.xcassets */ = {isa = PBXFileReference; lastKnownFileType = folder.assetcatalog; path = Assets.xcassets; sourceTree = "<group>"; };
		99199707213BB03900A9610A /* Base */ = {isa = PBXFileReference; lastKnownFileType = file.storyboard; name = Base; path = Base.lproj/LaunchScreen.storyboard; sourceTree = "<group>"; };
		99199709213BB03900A9610A /* Info.plist */ = {isa = PBXFileReference; lastKnownFileType = text.plist.xml; path = Info.plist; sourceTree = "<group>"; };
		9919970F214242FA00A9610A /* PhotoAlbumView.swift */ = {isa = PBXFileReference; lastKnownFileType = sourcecode.swift; path = PhotoAlbumView.swift; sourceTree = "<group>"; };
		991997112146360400A9610A /* Constants.swift */ = {isa = PBXFileReference; lastKnownFileType = sourcecode.swift; path = Constants.swift; sourceTree = "<group>"; };
		9919971321463C7A00A9610A /* GCDBlackBox.swift */ = {isa = PBXFileReference; lastKnownFileType = sourcecode.swift; path = GCDBlackBox.swift; sourceTree = "<group>"; };
		991997152148CBD300A9610A /* PhotoAlbumViewCell.swift */ = {isa = PBXFileReference; lastKnownFileType = sourcecode.swift; path = PhotoAlbumViewCell.swift; sourceTree = "<group>"; };
		99199719214F37DD00A9610A /* VirtualTourist.xcdatamodel */ = {isa = PBXFileReference; lastKnownFileType = wrapper.xcdatamodel; path = VirtualTourist.xcdatamodel; sourceTree = "<group>"; };
/* End PBXFileReference section */

/* Begin PBXFrameworksBuildPhase section */
		991996F7213BB03900A9610A /* Frameworks */ = {
			isa = PBXFrameworksBuildPhase;
			buildActionMask = 2147483647;
			files = (
			);
			runOnlyForDeploymentPostprocessing = 0;
		};
/* End PBXFrameworksBuildPhase section */

/* Begin PBXGroup section */
		991996F1213BB03900A9610A = {
			isa = PBXGroup;
			children = (
				991996FC213BB03900A9610A /* VirtualTourist */,
				991996FB213BB03900A9610A /* Products */,
			);
			sourceTree = "<group>";
		};
		991996FB213BB03900A9610A /* Products */ = {
			isa = PBXGroup;
			children = (
				991996FA213BB03900A9610A /* VirtualTourist.app */,
			);
			name = Products;
			sourceTree = "<group>";
		};
		991996FC213BB03900A9610A /* VirtualTourist */ = {
			isa = PBXGroup;
			children = (
				99199717214F373300A9610A /* Model */,
				991996FD213BB03900A9610A /* AppDelegate.swift */,
				991997112146360400A9610A /* Constants.swift */,
				991996FF213BB03900A9610A /* TravelLocationsMapView.swift */,
				9919970F214242FA00A9610A /* PhotoAlbumView.swift */,
				991997152148CBD300A9610A /* PhotoAlbumViewCell.swift */,
				99199701213BB03900A9610A /* Main.storyboard */,
				99199704213BB03900A9610A /* Assets.xcassets */,
				99199706213BB03900A9610A /* LaunchScreen.storyboard */,
				99199709213BB03900A9610A /* Info.plist */,
				9919971321463C7A00A9610A /* GCDBlackBox.swift */,
			);
			path = VirtualTourist;
			sourceTree = "<group>";
		};
		99199717214F373300A9610A /* Model */ = {
			isa = PBXGroup;
			children = (
				99199718214F37DD00A9610A /* VirtualTourist.xcdatamodeld */,
			);
			path = Model;
			sourceTree = "<group>";
		};
/* End PBXGroup section */

/* Begin PBXNativeTarget section */
		991996F9213BB03900A9610A /* VirtualTourist */ = {
			isa = PBXNativeTarget;
			buildConfigurationList = 9919970C213BB03900A9610A /* Build configuration list for PBXNativeTarget "VirtualTourist" */;
			buildPhases = (
				991996F6213BB03900A9610A /* Sources */,
				991996F7213BB03900A9610A /* Frameworks */,
				991996F8213BB03900A9610A /* Resources */,
			);
			buildRules = (
			);
			dependencies = (
			);
			name = VirtualTourist;
			productName = VirtualTourist;
			productReference = 991996FA213BB03900A9610A /* VirtualTourist.app */;
			productType = "com.apple.product-type.application";
		};
/* End PBXNativeTarget section */

/* Begin PBXProject section */
		991996F2213BB03900A9610A /* Project object */ = {
			isa = PBXProject;
			attributes = {
				LastSwiftUpdateCheck = 0920;
				LastUpgradeCheck = 0920;
				ORGANIZATIONNAME = udacity;
				TargetAttributes = {
					991996F9213BB03900A9610A = {
						CreatedOnToolsVersion = 9.2;
						ProvisioningStyle = Automatic;
					};
				};
			};
			buildConfigurationList = 991996F5213BB03900A9610A /* Build configuration list for PBXProject "VirtualTourist" */;
			compatibilityVersion = "Xcode 8.0";
			developmentRegion = en;
			hasScannedForEncodings = 0;
			knownRegions = (
				en,
				Base,
			);
			mainGroup = 991996F1213BB03900A9610A;
			productRefGroup = 991996FB213BB03900A9610A /* Products */;
			projectDirPath = "";
			projectRoot = "";
			targets = (
				991996F9213BB03900A9610A /* VirtualTourist */,
			);
		};
/* End PBXProject section */

/* Begin PBXResourcesBuildPhase section */
		991996F8213BB03900A9610A /* Resources */ = {
			isa = PBXResourcesBuildPhase;
			buildActionMask = 2147483647;
			files = (
				99199708213BB03900A9610A /* LaunchScreen.storyboard in Resources */,
				99199705213BB03900A9610A /* Assets.xcassets in Resources */,
				99199703213BB03900A9610A /* Main.storyboard in Resources */,
			);
			runOnlyForDeploymentPostprocessing = 0;
		};
/* End PBXResourcesBuildPhase section */

/* Begin PBXSourcesBuildPhase section */
		991996F6213BB03900A9610A /* Sources */ = {
			isa = PBXSourcesBuildPhase;
			buildActionMask = 2147483647;
			files = (
				9919971A214F37DD00A9610A /* VirtualTourist.xcdatamodeld in Sources */,
				99199700213BB03900A9610A /* TravelLocationsMapView.swift in Sources */,
				991997162148CBD300A9610A /* PhotoAlbumViewCell.swift in Sources */,
				991996FE213BB03900A9610A /* AppDelegate.swift in Sources */,
				99199710214242FA00A9610A /* PhotoAlbumView.swift in Sources */,
				991997122146360400A9610A /* Constants.swift in Sources */,
				9919971421463C7A00A9610A /* GCDBlackBox.swift in Sources */,
			);
			runOnlyForDeploymentPostprocessing = 0;
		};
/* End PBXSourcesBuildPhase section */

/* Begin PBXVariantGroup section */
		99199701213BB03900A9610A /* Main.storyboard */ = {
			isa = PBXVariantGroup;
			children = (
				99199702213BB03900A9610A /* Base */,
			);
			name = Main.storyboard;
			sourceTree = "<group>";
		};
		99199706213BB03900A9610A /* LaunchScreen.storyboard */ = {
			isa = PBXVariantGroup;
			children = (
				99199707213BB03900A9610A /* Base */,
			);
			name = LaunchScreen.storyboard;
			sourceTree = "<group>";
		};
/* End PBXVariantGroup section */

/* Begin XCBuildConfiguration section */
		9919970A213BB03900A9610A /* Debug */ = {
			isa = XCBuildConfiguration;
			buildSettings = {
				ALWAYS_SEARCH_USER_PATHS = NO;
				CLANG_ANALYZER_NONNULL = YES;
				CLANG_ANALYZER_NUMBER_OBJECT_CONVERSION = YES_AGGRESSIVE;
				CLANG_CXX_LANGUAGE_STANDARD = "gnu++14";
				CLANG_CXX_LIBRARY = "libc++";
				CLANG_ENABLE_MODULES = YES;
				CLANG_ENABLE_OBJC_ARC = YES;
				CLANG_WARN_BLOCK_CAPTURE_AUTORELEASING = YES;
				CLANG_WARN_BOOL_CONVERSION = YES;
				CLANG_WARN_COMMA = YES;
				CLANG_WARN_CONSTANT_CONVERSION = YES;
				CLANG_WARN_DIRECT_OBJC_ISA_USAGE = YES_ERROR;
				CLANG_WARN_DOCUMENTATION_COMMENTS = YES;
				CLANG_WARN_EMPTY_BODY = YES;
				CLANG_WARN_ENUM_CONVERSION = YES;
				CLANG_WARN_INFINITE_RECURSION = YES;
				CLANG_WARN_INT_CONVERSION = YES;
				CLANG_WARN_NON_LITERAL_NULL_CONVERSION = YES;
				CLANG_WARN_OBJC_LITERAL_CONVERSION = YES;
				CLANG_WARN_OBJC_ROOT_CLASS = YES_ERROR;
				CLANG_WARN_RANGE_LOOP_ANALYSIS = YES;
				CLANG_WARN_STRICT_PROTOTYPES = YES;
				CLANG_WARN_SUSPICIOUS_MOVE = YES;
				CLANG_WARN_UNGUARDED_AVAILABILITY = YES_AGGRESSIVE;
				CLANG_WARN_UNREACHABLE_CODE = YES;
				CLANG_WARN__DUPLICATE_METHOD_MATCH = YES;
				CODE_SIGN_IDENTITY = "iPhone Developer";
				COPY_PHASE_STRIP = NO;
				DEBUG_INFORMATION_FORMAT = dwarf;
				ENABLE_STRICT_OBJC_MSGSEND = YES;
				ENABLE_TESTABILITY = YES;
				GCC_C_LANGUAGE_STANDARD = gnu11;
				GCC_DYNAMIC_NO_PIC = NO;
				GCC_NO_COMMON_BLOCKS = YES;
				GCC_OPTIMIZATION_LEVEL = 0;
				GCC_PREPROCESSOR_DEFINITIONS = (
					"DEBUG=1",
					"$(inherited)",
				);
				GCC_WARN_64_TO_32_BIT_CONVERSION = YES;
				GCC_WARN_ABOUT_RETURN_TYPE = YES_ERROR;
				GCC_WARN_UNDECLARED_SELECTOR = YES;
				GCC_WARN_UNINITIALIZED_AUTOS = YES_AGGRESSIVE;
				GCC_WARN_UNUSED_FUNCTION = YES;
				GCC_WARN_UNUSED_VARIABLE = YES;
				IPHONEOS_DEPLOYMENT_TARGET = 11.2;
				MTL_ENABLE_DEBUG_INFO = YES;
				ONLY_ACTIVE_ARCH = YES;
				SDKROOT = iphoneos;
				SWIFT_ACTIVE_COMPILATION_CONDITIONS = DEBUG;
				SWIFT_OPTIMIZATION_LEVEL = "-Onone";
			};
			name = Debug;
		};
		9919970B213BB03900A9610A /* Release */ = {
			isa = XCBuildConfiguration;
			buildSettings = {
				ALWAYS_SEARCH_USER_PATHS = NO;
				CLANG_ANALYZER_NONNULL = YES;
				CLANG_ANALYZER_NUMBER_OBJECT_CONVERSION = YES_AGGRESSIVE;
				CLANG_CXX_LANGUAGE_STANDARD = "gnu++14";
				CLANG_CXX_LIBRARY = "libc++";
				CLANG_ENABLE_MODULES = YES;
				CLANG_ENABLE_OBJC_ARC = YES;
				CLANG_WARN_BLOCK_CAPTURE_AUTORELEASING = YES;
				CLANG_WARN_BOOL_CONVERSION = YES;
				CLANG_WARN_COMMA = YES;
				CLANG_WARN_CONSTANT_CONVERSION = YES;
				CLANG_WARN_DIRECT_OBJC_ISA_USAGE = YES_ERROR;
				CLANG_WARN_DOCUMENTATION_COMMENTS = YES;
				CLANG_WARN_EMPTY_BODY = YES;
				CLANG_WARN_ENUM_CONVERSION = YES;
				CLANG_WARN_INFINITE_RECURSION = YES;
				CLANG_WARN_INT_CONVERSION = YES;
				CLANG_WARN_NON_LITERAL_NULL_CONVERSION = YES;
				CLANG_WARN_OBJC_LITERAL_CONVERSION = YES;
				CLANG_WARN_OBJC_ROOT_CLASS = YES_ERROR;
				CLANG_WARN_RANGE_LOOP_ANALYSIS = YES;
				CLANG_WARN_STRICT_PROTOTYPES = YES;
				CLANG_WARN_SUSPICIOUS_MOVE = YES;
				CLANG_WARN_UNGUARDED_AVAILABILITY = YES_AGGRESSIVE;
				CLANG_WARN_UNREACHABLE_CODE = YES;
				CLANG_WARN__DUPLICATE_METHOD_MATCH = YES;
				CODE_SIGN_IDENTITY = "iPhone Developer";
				COPY_PHASE_STRIP = NO;
				DEBUG_INFORMATION_FORMAT = "dwarf-with-dsym";
				ENABLE_NS_ASSERTIONS = NO;
				ENABLE_STRICT_OBJC_MSGSEND = YES;
				GCC_C_LANGUAGE_STANDARD = gnu11;
				GCC_NO_COMMON_BLOCKS = YES;
				GCC_WARN_64_TO_32_BIT_CONVERSION = YES;
				GCC_WARN_ABOUT_RETURN_TYPE = YES_ERROR;
				GCC_WARN_UNDECLARED_SELECTOR = YES;
				GCC_WARN_UNINITIALIZED_AUTOS = YES_AGGRESSIVE;
				GCC_WARN_UNUSED_FUNCTION = YES;
				GCC_WARN_UNUSED_VARIABLE = YES;
				IPHONEOS_DEPLOYMENT_TARGET = 11.2;
				MTL_ENABLE_DEBUG_INFO = NO;
				SDKROOT = iphoneos;
				SWIFT_OPTIMIZATION_LEVEL = "-Owholemodule";
				VALIDATE_PRODUCT = YES;
			};
			name = Release;
		};
		9919970D213BB03900A9610A /* Debug */ = {
			isa = XCBuildConfiguration;
			buildSettings = {
				ASSETCATALOG_COMPILER_APPICON_NAME = AppIcon;
				CODE_SIGN_STYLE = Automatic;
				DEVELOPMENT_TEAM = 2YDACHFN53;
				INFOPLIST_FILE = VirtualTourist/Info.plist;
				LD_RUNPATH_SEARCH_PATHS = "$(inherited) @executable_path/Frameworks";
				PRODUCT_BUNDLE_IDENTIFIER = com.udacity.VirtualTourist;
				PRODUCT_NAME = "$(TARGET_NAME)";
				SWIFT_VERSION = 4.0;
				TARGETED_DEVICE_FAMILY = "1,2";
			};
			name = Debug;
		};
		9919970E213BB03900A9610A /* Release */ = {
			isa = XCBuildConfiguration;
			buildSettings = {
				ASSETCATALOG_COMPILER_APPICON_NAME = AppIcon;
				CODE_SIGN_STYLE = Automatic;
				DEVELOPMENT_TEAM = 2YDACHFN53;
				INFOPLIST_FILE = VirtualTourist/Info.plist;
				LD_RUNPATH_SEARCH_PATHS = "$(inherited) @executable_path/Frameworks";
				PRODUCT_BUNDLE_IDENTIFIER = com.udacity.VirtualTourist;
				PRODUCT_NAME = "$(TARGET_NAME)";
				SWIFT_VERSION = 4.0;
				TARGETED_DEVICE_FAMILY = "1,2";
			};
			name = Release;
		};
/* End XCBuildConfiguration section */

/* Begin XCConfigurationList section */
		991996F5213BB03900A9610A /* Build configuration list for PBXProject "VirtualTourist" */ = {
			isa = XCConfigurationList;
			buildConfigurations = (
				9919970A213BB03900A9610A /* Debug */,
				9919970B213BB03900A9610A /* Release */,
			);
			defaultConfigurationIsVisible = 0;
			defaultConfigurationName = Release;
		};
		9919970C213BB03900A9610A /* Build configuration list for PBXNativeTarget "VirtualTourist" */ = {
			isa = XCConfigurationList;
			buildConfigurations = (
				9919970D213BB03900A9610A /* Debug */,
				9919970E213BB03900A9610A /* Release */,
			);
			defaultConfigurationIsVisible = 0;
			defaultConfigurationName = Release;
		};
/* End XCConfigurationList section */

/* Begin XCVersionGroup section */
		99199718214F37DD00A9610A /* VirtualTourist.xcdatamodeld */ = {
			isa = XCVersionGroup;
			children = (
				99199719214F37DD00A9610A /* VirtualTourist.xcdatamodel */,
			);
			currentVersion = 99199719214F37DD00A9610A /* VirtualTourist.xcdatamodel */;
			path = VirtualTourist.xcdatamodeld;
			sourceTree = "<group>";
			versionGroupType = wrapper.xcdatamodel;
		};
/* End XCVersionGroup section */
	};
	rootObject = 991996F2213BB03900A9610A /* Project object */;
}
